
Microsoft Visual Studio Solution File, Format Version 12.00
# Visual Studio Version 16
VisualStudioVersion = 16.0.30804.86
MinimumVisualStudioVersion = 10.0.40219.1
Project("{9A19103F-16F7-4668-BE54-9A1E7A4F7556}") = "MoeCloud.Api", "MoeCloud.Api\MoeCloud.Api.csproj", "{F08B99E0-D5B6-4D9F-899C-ECC8C4D92C42}"
EndProject
Project("{2150E333-8FDC-42A3-9474-1A3956D46DE8}") = "UILayer", "UILayer", "{515E8FCD-A923-4116-8E16-92B3B982D44A}"
EndProject
Project("{2150E333-8FDC-42A3-9474-1A3956D46DE8}") = "ModelLayer", "ModelLayer", "{C1B1FFAC-1D6D-4721-BF0F-DD1046223BF3}"
EndProject
Project("{2150E333-8FDC-42A3-9474-1A3956D46DE8}") = "DataLayer", "DataLayer", "{BC7F6E84-4E6F-4AA1-A7B1-B21BB07AE89E}"
EndProject
Project("{2150E333-8FDC-42A3-9474-1A3956D46DE8}") = "LogicLayer", "LogicLayer", "{7C9A7F1B-8A30-4D6A-B3F5-7013B8889BCB}"
EndProject
Project("{2150E333-8FDC-42A3-9474-1A3956D46DE8}") = "CommonLayer", "CommonLayer", "{C70AFD47-44C5-45AF-8DF8-5E3AA7081E99}"
EndProject
Project("{9A19103F-16F7-4668-BE54-9A1E7A4F7556}") = "MoeCloud.Model", "MoeCloud.Model\MoeCloud.Model.csproj", "{BFA0486A-D384-4F06-8B35-7FDB369B0544}"
EndProject
Project("{9A19103F-16F7-4668-BE54-9A1E7A4F7556}") = "MoeCloud.Logic", "MoeCloud.Logic\MoeCloud.Logic.csproj", "{B743E034-9991-41F4-B8D1-94562667C18A}"
EndProject
Project("{9A19103F-16F7-4668-BE54-9A1E7A4F7556}") = "MoeCloud.ILogic", "MoeCloud.ILogic\MoeCloud.ILogic.csproj", "{7DC81577-A5CD-4990-B50B-6254E59E45B3}"
EndProject
Project("{9A19103F-16F7-4668-BE54-9A1E7A4F7556}") = "MoeCloud.Data", "MoeCloud.Data\MoeCloud.Data.csproj", "{EA36C525-DB9D-4CB4-B075-5A148A0C7AC1}"
EndProject
Project("{9A19103F-16F7-4668-BE54-9A1E7A4F7556}") = "MoeCloud.Dto", "MoeCloud.Dto\MoeCloud.Dto.csproj", "{F0154A79-BD7C-4B94-9236-EF26CB3B399D}"
EndProject
Project("{9A19103F-16F7-4668-BE54-9A1E7A4F7556}") = "MoeCloud.Common", "MoeCloud.Common\MoeCloud.Common.csproj", "{A25A9248-E674-45F3-8D25-053419AD34FF}"
EndProject
Global
	GlobalSection(SolutionConfigurationPlatforms) = preSolution
		Debug|Any CPU = Debug|Any CPU
		Release|Any CPU = Release|Any CPU
	EndGlobalSection
	GlobalSection(ProjectConfigurationPlatforms) = postSolution
		{F08B99E0-D5B6-4D9F-899C-ECC8C4D92C42}.Debug|Any CPU.ActiveCfg = Debug|Any CPU
		{F08B99E0-D5B6-4D9F-899C-ECC8C4D92C42}.Debug|Any CPU.Build.0 = Debug|Any CPU
		{F08B99E0-D5B6-4D9F-899C-ECC8C4D92C42}.Release|Any CPU.ActiveCfg = Release|Any CPU
		{F08B99E0-D5B6-4D9F-899C-ECC8C4D92C42}.Release|Any CPU.Build.0 = Release|Any CPU
		{BFA0486A-D384-4F06-8B35-7FDB369B0544}.Debug|Any CPU.ActiveCfg = Debug|Any CPU
		{BFA0486A-D384-4F06-8B35-7FDB369B0544}.Debug|Any CPU.Build.0 = Debug|Any CPU
		{BFA0486A-D384-4F06-8B35-7FDB369B0544}.Release|Any CPU.ActiveCfg = Release|Any CPU
		{BFA0486A-D384-4F06-8B35-7FDB369B0544}.Release|Any CPU.Build.0 = Release|Any CPU
		{B743E034-9991-41F4-B8D1-94562667C18A}.Debug|Any CPU.ActiveCfg = Debug|Any CPU
		{B743E034-9991-41F4-B8D1-94562667C18A}.Debug|Any CPU.Build.0 = Debug|Any CPU
		{B743E034-9991-41F4-B8D1-94562667C18A}.Release|Any CPU.ActiveCfg = Release|Any CPU
		{B743E034-9991-41F4-B8D1-94562667C18A}.Release|Any CPU.Build.0 = Release|Any CPU
		{7DC81577-A5CD-4990-B50B-6254E59E45B3}.Debug|Any CPU.ActiveCfg = Debug|Any CPU
		{7DC81577-A5CD-4990-B50B-6254E59E45B3}.Debug|Any CPU.Build.0 = Debug|Any CPU
		{7DC81577-A5CD-4990-B50B-6254E59E45B3}.Release|Any CPU.ActiveCfg = Release|Any CPU
		{7DC81577-A5CD-4990-B50B-6254E59E45B3}.Release|Any CPU.Build.0 = Release|Any CPU
		{EA36C525-DB9D-4CB4-B075-5A148A0C7AC1}.Debug|Any CPU.ActiveCfg = Debug|Any CPU
		{EA36C525-DB9D-4CB4-B075-5A148A0C7AC1}.Debug|Any CPU.Build.0 = Debug|Any CPU
		{EA36C525-DB9D-4CB4-B075-5A148A0C7AC1}.Release|Any CPU.ActiveCfg = Release|Any CPU
		{EA36C525-DB9D-4CB4-B075-5A148A0C7AC1}.Release|Any CPU.Build.0 = Release|Any CPU
		{F0154A79-BD7C-4B94-9236-EF26CB3B399D}.Debug|Any CPU.ActiveCfg = Debug|Any CPU
		{F0154A79-BD7C-4B94-9236-EF26CB3B399D}.Debug|Any CPU.Build.0 = Debug|Any CPU
		{F0154A79-BD7C-4B94-9236-EF26CB3B399D}.Release|Any CPU.ActiveCfg = Release|Any CPU
		{F0154A79-BD7C-4B94-9236-EF26CB3B399D}.Release|Any CPU.Build.0 = Release|Any CPU
		{A25A9248-E674-45F3-8D25-053419AD34FF}.Debug|Any CPU.ActiveCfg = Debug|Any CPU
		{A25A9248-E674-45F3-8D25-053419AD34FF}.Debug|Any CPU.Build.0 = Debug|Any CPU
		{A25A9248-E674-45F3-8D25-053419AD34FF}.Release|Any CPU.ActiveCfg = Release|Any CPU
		{A25A9248-E674-45F3-8D25-053419AD34FF}.Release|Any CPU.Build.0 = Release|Any CPU
	EndGlobalSection
	GlobalSection(SolutionProperties) = preSolution
		HideSolutionNode = FALSE
	EndGlobalSection
	GlobalSection(NestedProjects) = preSolution
		{F08B99E0-D5B6-4D9F-899C-ECC8C4D92C42} = {515E8FCD-A923-4116-8E16-92B3B982D44A}
		{BFA0486A-D384-4F06-8B35-7FDB369B0544} = {C1B1FFAC-1D6D-4721-BF0F-DD1046223BF3}
		{B743E034-9991-41F4-B8D1-94562667C18A} = {7C9A7F1B-8A30-4D6A-B3F5-7013B8889BCB}
		{7DC81577-A5CD-4990-B50B-6254E59E45B3} = {7C9A7F1B-8A30-4D6A-B3F5-7013B8889BCB}
		{EA36C525-DB9D-4CB4-B075-5A148A0C7AC1} = {BC7F6E84-4E6F-4AA1-A7B1-B21BB07AE89E}
		{F0154A79-BD7C-4B94-9236-EF26CB3B399D} = {BC7F6E84-4E6F-4AA1-A7B1-B21BB07AE89E}
		{A25A9248-E674-45F3-8D25-053419AD34FF} = {C70AFD47-44C5-45AF-8DF8-5E3AA7081E99}
	EndGlobalSection
	GlobalSection(ExtensibilityGlobals) = postSolution
		SolutionGuid = {7924A534-9A41-4FF7-80F6-0419267656D9}
	EndGlobalSection
EndGlobal
